github.com/mjwhitta/cli v1.14.2 h1:y8NJ7/EEsLYwobldGlL9ZCiCOxqTrvukKNqiXBxLlXA=
github.com/mjwhitta/cli v1.14.2/go.mod h1:cHF/ORdOaC0pOA1Rj9hnPCz/XS57FitZAeWlP4ntXXE=
github.com/mjwhitta/errors v1.0.8 h1:CcuSFrF/jcF6JJNORDpIC27tXK/HNRmDOIyZckGjSEc=
github.com/mjwhitta/errors v1.0.8/go.mod h1:RnS1GAoLGQTUZN41OcAl/q5LJknZizTa2L0dTPKKHyM=
