github.com/mjwhitta/cli v1.13.2 h1:GojnFR5vPX5YfmoN56mCJAN3K9/z1wRUpxrvRkl6kZw=
github.com/mjwhitta/cli v1.13.2/go.mod h1:FExUKKbrIOLNM8cKN1XO1CLYlILSiu/Ae1M9t4gStzw=
github.com/mjwhitta/errors v1.0.7 h1:gj4MNIc/DiZMZ7B0+Tz/0ExhpwurzOmuO3THTJZGkHw=
github.com/mjwhitta/errors v1.0.7/go.mod h1:NoDi7MJLuXJuf69DeHiQMveI72TcKJdEAGVb2JJOVOs=
