github.com/mjwhitta/cli v1.13.1 h1:AEquA9xsQkdEP+B0zq51mM1rfucAdqP+ZfrHACIDb9c=
github.com/mjwhitta/cli v1.13.1/go.mod h1:x+Wtsd81WYsdIFkliVsiFHB9eCMfIkdhkHrb/drKcKs=
github.com/mjwhitta/errors v1.0.6 h1:BO3Egii5W12Q22Lq5Lj48t4abk6ECfFLmFpkqKnUtPI=
github.com/mjwhitta/errors v1.0.6/go.mod h1:MKxMaIKjHSWSyzOgvgiqGig+XH3HGLqp3BKyt5WAsnk=
